<?xml version="1.0" encoding="UTF-8" standalone="yes" ?>
<CodeBlocks_project_file>
	<FileVersion major="1" minor="6" />
	<Project>
		<Option title="uwproj" />
		<Option pch_mode="2" />
		<Option compiler="gcc" />
		<Build>
			<Target title="Debug">
				<Option output="bin/Debug/uwproj" prefix_auto="1" extension_auto="1" />
				<Option object_output="obj/Debug/" />
				<Option type="1" />
				<Option compiler="gcc" />
				<Compiler>
					<Add option="-g" />
					<Add option="-DDEBUG" />
				</Compiler>
			</Target>
			<Target title="Release">
				<Option output="bin/Release/uwproj" prefix_auto="1" extension_auto="1" />
				<Option object_output="obj/Release/" />
				<Option type="1" />
				<Option compiler="gcc" />
				<Compiler>
					<Add option="-O2" />
				</Compiler>
				<Linker>
					<Add option="-s" />
				</Linker>
			</Target>
		</Build>
		<Compiler>
			<Add option="-Wall" />
			<Add directory="include" />
			<Add directory="include/irrlicht-1.8.3" />
		</Compiler>
		<Linker>
			<Add library="lib/irrlicht-1.8.3/libIrrlicht.a" />
			<Add directory="lib/irrlicht-1.8.3" />
		</Linker>
		<Unit filename="include/font.hpp" />
		<Unit filename="include/game.hpp" />
		<Unit filename="include/level.hpp" />
		<Unit filename="include/mouse.hpp" />
		<Unit filename="include/object.hpp" />
		<Unit filename="include/scroll.hpp" />
		<Unit filename="include/thread.hpp" />
		<Unit filename="include/tools.hpp" />
		<Unit filename="src/font.cpp" />
		<Unit filename="src/game.cpp" />
		<Unit filename="src/level.cpp" />
		<Unit filename="src/main.cpp" />
		<Unit filename="src/mouse.cpp" />
		<Unit filename="src/object.cpp" />
		<Unit filename="src/scroll.cpp" />
		<Unit filename="src/tools.cpp" />
		<Extensions>
			<code_completion />
			<envvars />
			<debugger />
			<lib_finder disable_auto="1" />
		</Extensions>
	</Project>
</CodeBlocks_project_file>
